
Microsoft Visual Studio Solution File, Format Version 12.00
# Visual Studio Version 16
VisualStudioVersion = 16.0.30523.141
MinimumVisualStudioVersion = 10.0.40219.1
Project("{FAE04EC0-301F-11D3-BF4B-00C04F79EFBC}") = "TouhouSaveSync", "TouhouSaveSync\TouhouSaveSync.csproj", "{0BE55059-5530-42F9-B151-638A8CF08DEE}"
EndProject
Global
	GlobalSection(SolutionConfigurationPlatforms) = preSolution
		Debug|Any CPU = Debug|Any CPU
		Release|Any CPU = Release|Any CPU
	EndGlobalSection
	GlobalSection(ProjectConfigurationPlatforms) = postSolution
		{0BE55059-5530-42F9-B151-638A8CF08DEE}.Debug|Any CPU.ActiveCfg = Debug|Any CPU
		{0BE55059-5530-42F9-B151-638A8CF08DEE}.Debug|Any CPU.Build.0 = Debug|Any CPU
		{0BE55059-5530-42F9-B151-638A8CF08DEE}.Release|Any CPU.ActiveCfg = Release|Any CPU
		{0BE55059-5530-42F9-B151-638A8CF08DEE}.Release|Any CPU.Build.0 = Release|Any CPU
	EndGlobalSection
	GlobalSection(SolutionProperties) = preSolution
		HideSolutionNode = FALSE
	EndGlobalSection
	GlobalSection(ExtensibilityGlobals) = postSolution
		SolutionGuid = {8F37D7A4-3891-42BE-BAF9-FBBB177D4BE0}
	EndGlobalSection
EndGlobal
